
Microsoft Visual Studio Solution File, Format Version 12.00
# Visual Studio 2012
Project("{FAE04EC0-301F-11D3-BF4B-00C04F79EFBC}") = "sigeci-3", "sigeci-3\sigeci-3.csproj", "{89DAD32B-037B-47C0-823C-9064473987CA}"
EndProject
Project("{FAE04EC0-301F-11D3-BF4B-00C04F79EFBC}") = "Modelo", "Modelo\Modelo.csproj", "{7A66E1DC-08FE-470C-89E4-E1DA78CF72A2}"
EndProject
Project("{FAE04EC0-301F-11D3-BF4B-00C04F79EFBC}") = "Controlador", "Controlador\Controlador.csproj", "{0F51857C-E7FD-45CE-B3BB-D26002A7E8B0}"
EndProject
Project("{FAE04EC0-301F-11D3-BF4B-00C04F79EFBC}") = "Vista", "Vista\Vista.csproj", "{E8B25B92-515C-4659-AAE5-7CC6388D41DC}"
EndProject
Project("{6141683F-8A12-4E36-9623-2EB02B2C2303}") = "Instalacion", "Instalacion\Instalacion.isproj", "{54D268E6-CFA2-4ED4-BBE1-8FDA78DC6366}"
	ProjectSection(ProjectDependencies) = postProject
		{89DAD32B-037B-47C0-823C-9064473987CA} = {89DAD32B-037B-47C0-823C-9064473987CA}
	EndProjectSection
EndProject
Global
	GlobalSection(SolutionConfigurationPlatforms) = preSolution
		CD_ROM|Any CPU = CD_ROM|Any CPU
		Debug|Any CPU = Debug|Any CPU
		DVD-5|Any CPU = DVD-5|Any CPU
		Release|Any CPU = Release|Any CPU
		SingleImage|Any CPU = SingleImage|Any CPU
	EndGlobalSection
	GlobalSection(ProjectConfigurationPlatforms) = postSolution
		{89DAD32B-037B-47C0-823C-9064473987CA}.CD_ROM|Any CPU.ActiveCfg = Release|Any CPU
		{89DAD32B-037B-47C0-823C-9064473987CA}.CD_ROM|Any CPU.Build.0 = Release|Any CPU
		{89DAD32B-037B-47C0-823C-9064473987CA}.Debug|Any CPU.ActiveCfg = Debug|Any CPU
		{89DAD32B-037B-47C0-823C-9064473987CA}.Debug|Any CPU.Build.0 = Debug|Any CPU
		{89DAD32B-037B-47C0-823C-9064473987CA}.DVD-5|Any CPU.ActiveCfg = Debug|Any CPU
		{89DAD32B-037B-47C0-823C-9064473987CA}.DVD-5|Any CPU.Build.0 = Debug|Any CPU
		{89DAD32B-037B-47C0-823C-9064473987CA}.Release|Any CPU.ActiveCfg = Release|Any CPU
		{89DAD32B-037B-47C0-823C-9064473987CA}.Release|Any CPU.Build.0 = Release|Any CPU
		{89DAD32B-037B-47C0-823C-9064473987CA}.SingleImage|Any CPU.ActiveCfg = Release|Any CPU
		{89DAD32B-037B-47C0-823C-9064473987CA}.SingleImage|Any CPU.Build.0 = Release|Any CPU
		{7A66E1DC-08FE-470C-89E4-E1DA78CF72A2}.CD_ROM|Any CPU.ActiveCfg = Release|Any CPU
		{7A66E1DC-08FE-470C-89E4-E1DA78CF72A2}.CD_ROM|Any CPU.Build.0 = Release|Any CPU
		{7A66E1DC-08FE-470C-89E4-E1DA78CF72A2}.Debug|Any CPU.ActiveCfg = Debug|Any CPU
		{7A66E1DC-08FE-470C-89E4-E1DA78CF72A2}.Debug|Any CPU.Build.0 = Debug|Any CPU
		{7A66E1DC-08FE-470C-89E4-E1DA78CF72A2}.DVD-5|Any CPU.ActiveCfg = Debug|Any CPU
		{7A66E1DC-08FE-470C-89E4-E1DA78CF72A2}.DVD-5|Any CPU.Build.0 = Debug|Any CPU
		{7A66E1DC-08FE-470C-89E4-E1DA78CF72A2}.Release|Any CPU.ActiveCfg = Release|Any CPU
		{7A66E1DC-08FE-470C-89E4-E1DA78CF72A2}.Release|Any CPU.Build.0 = Release|Any CPU
		{7A66E1DC-08FE-470C-89E4-E1DA78CF72A2}.SingleImage|Any CPU.ActiveCfg = Release|Any CPU
		{7A66E1DC-08FE-470C-89E4-E1DA78CF72A2}.SingleImage|Any CPU.Build.0 = Release|Any CPU
		{0F51857C-E7FD-45CE-B3BB-D26002A7E8B0}.CD_ROM|Any CPU.ActiveCfg = Release|Any CPU
		{0F51857C-E7FD-45CE-B3BB-D26002A7E8B0}.CD_ROM|Any CPU.Build.0 = Release|Any CPU
		{0F51857C-E7FD-45CE-B3BB-D26002A7E8B0}.Debug|Any CPU.ActiveCfg = Debug|Any CPU
		{0F51857C-E7FD-45CE-B3BB-D26002A7E8B0}.Debug|Any CPU.Build.0 = Debug|Any CPU
		{0F51857C-E7FD-45CE-B3BB-D26002A7E8B0}.DVD-5|Any CPU.ActiveCfg = Debug|Any CPU
		{0F51857C-E7FD-45CE-B3BB-D26002A7E8B0}.DVD-5|Any CPU.Build.0 = Debug|Any CPU
		{0F51857C-E7FD-45CE-B3BB-D26002A7E8B0}.Release|Any CPU.ActiveCfg = Release|Any CPU
		{0F51857C-E7FD-45CE-B3BB-D26002A7E8B0}.Release|Any CPU.Build.0 = Release|Any CPU
		{0F51857C-E7FD-45CE-B3BB-D26002A7E8B0}.SingleImage|Any CPU.ActiveCfg = Release|Any CPU
		{0F51857C-E7FD-45CE-B3BB-D26002A7E8B0}.SingleImage|Any CPU.Build.0 = Release|Any CPU
		{E8B25B92-515C-4659-AAE5-7CC6388D41DC}.CD_ROM|Any CPU.ActiveCfg = Release|Any CPU
		{E8B25B92-515C-4659-AAE5-7CC6388D41DC}.CD_ROM|Any CPU.Build.0 = Release|Any CPU
		{E8B25B92-515C-4659-AAE5-7CC6388D41DC}.Debug|Any CPU.ActiveCfg = Debug|Any CPU
		{E8B25B92-515C-4659-AAE5-7CC6388D41DC}.Debug|Any CPU.Build.0 = Debug|Any CPU
		{E8B25B92-515C-4659-AAE5-7CC6388D41DC}.DVD-5|Any CPU.ActiveCfg = Debug|Any CPU
		{E8B25B92-515C-4659-AAE5-7CC6388D41DC}.DVD-5|Any CPU.Build.0 = Debug|Any CPU
		{E8B25B92-515C-4659-AAE5-7CC6388D41DC}.Release|Any CPU.ActiveCfg = Release|Any CPU
		{E8B25B92-515C-4659-AAE5-7CC6388D41DC}.Release|Any CPU.Build.0 = Release|Any CPU
		{E8B25B92-515C-4659-AAE5-7CC6388D41DC}.SingleImage|Any CPU.ActiveCfg = Release|Any CPU
		{E8B25B92-515C-4659-AAE5-7CC6388D41DC}.SingleImage|Any CPU.Build.0 = Release|Any CPU
		{54D268E6-CFA2-4ED4-BBE1-8FDA78DC6366}.CD_ROM|Any CPU.ActiveCfg = CD_ROM
		{54D268E6-CFA2-4ED4-BBE1-8FDA78DC6366}.CD_ROM|Any CPU.Build.0 = CD_ROM
		{54D268E6-CFA2-4ED4-BBE1-8FDA78DC6366}.Debug|Any CPU.ActiveCfg = DVD-5
		{54D268E6-CFA2-4ED4-BBE1-8FDA78DC6366}.Debug|Any CPU.Build.0 = DVD-5
		{54D268E6-CFA2-4ED4-BBE1-8FDA78DC6366}.DVD-5|Any CPU.ActiveCfg = DVD-5
		{54D268E6-CFA2-4ED4-BBE1-8FDA78DC6366}.DVD-5|Any CPU.Build.0 = DVD-5
		{54D268E6-CFA2-4ED4-BBE1-8FDA78DC6366}.Release|Any CPU.ActiveCfg = SingleImage
		{54D268E6-CFA2-4ED4-BBE1-8FDA78DC6366}.Release|Any CPU.Build.0 = SingleImage
		{54D268E6-CFA2-4ED4-BBE1-8FDA78DC6366}.SingleImage|Any CPU.ActiveCfg = SingleImage
		{54D268E6-CFA2-4ED4-BBE1-8FDA78DC6366}.SingleImage|Any CPU.Build.0 = SingleImage
	EndGlobalSection
	GlobalSection(SolutionProperties) = preSolution
		HideSolutionNode = FALSE
	EndGlobalSection
EndGlobal
